
Microsoft Visual Studio Solution File, Format Version 12.00
# Visual Studio 15
VisualStudioVersion = 15.0.26618.0
MinimumVisualStudioVersion = 10.0.40219.1
Project("{FAE04EC0-301F-11D3-BF4B-00C04F79EFBC}") = "CodeAnalysis", "src\Compilers\Core\Portable\CodeAnalysis.csproj", "{1EE8CAD3-55F9-4D91-96B2-084641DA9A6C}"
EndProject
Project("{2150E333-8FDC-42A3-9474-1A3956D46DE8}") = "Core", "Core", "{A41D1B99-F489-4C43-BBDF-96D61B19A6B9}"
EndProject
Project("{2150E333-8FDC-42A3-9474-1A3956D46DE8}") = "CSharp", "CSharp", "{32A48625-F0AD-419D-828B-A50BDABA38EA}"
EndProject
Project("{FAE04EC0-301F-11D3-BF4B-00C04F79EFBC}") = "CSharpCodeAnalysis", "src\Compilers\CSharp\Portable\CSharpCodeAnalysis.csproj", "{B501A547-C911-4A05-AC6E-274A50DFF30E}"
EndProject
Project("{2150E333-8FDC-42A3-9474-1A3956D46DE8}") = "VisualBasic", "VisualBasic", "{C65C6143-BED3-46E6-869E-9F0BE6E84C37}"
EndProject
Project("{F184B08F-C81C-45F6-A57F-5ABD9991F28F}") = "BasicCodeAnalysis", "src\Compilers\VisualBasic\Portable\BasicCodeAnalysis.vbproj", "{2523D0E6-DF32-4A3E-8AE0-A19BFFAE2EF6}"
EndProject
Global
	GlobalSection(SharedMSBuildProjectFiles) = preSolution
		src\Compilers\Core\AnalyzerDriver\AnalyzerDriver.projitems*{1ee8cad3-55f9-4d91-96b2-084641da9a6c}*SharedItemsImports = 4
		src\Dependencies\CodeAnalysis.Metadata\Microsoft.CodeAnalysis.Metadata.projitems*{1ee8cad3-55f9-4d91-96b2-084641da9a6c}*SharedItemsImports = 4
		src\Dependencies\PooledObjects\Microsoft.CodeAnalysis.PooledObjects.projitems*{1ee8cad3-55f9-4d91-96b2-084641da9a6c}*SharedItemsImports = 4
		src\Compilers\VisualBasic\BasicAnalyzerDriver\BasicAnalyzerDriver.projitems*{2523d0e6-df32-4a3e-8ae0-a19bffae2ef6}*SharedItemsImports = 4
		src\Compilers\CSharp\CSharpAnalyzerDriver\CSharpAnalyzerDriver.projitems*{b501a547-c911-4a05-ac6e-274a50dff30e}*SharedItemsImports = 4
	EndGlobalSection
	GlobalSection(SolutionConfigurationPlatforms) = preSolution
		Debug|Any CPU = Debug|Any CPU
		Release|Any CPU = Release|Any CPU
	EndGlobalSection
	GlobalSection(ProjectConfigurationPlatforms) = postSolution
		{1EE8CAD3-55F9-4D91-96B2-084641DA9A6C}.Debug|Any CPU.ActiveCfg = Debug|Any CPU
		{1EE8CAD3-55F9-4D91-96B2-084641DA9A6C}.Debug|Any CPU.Build.0 = Debug|Any CPU
		{1EE8CAD3-55F9-4D91-96B2-084641DA9A6C}.Release|Any CPU.ActiveCfg = Release|Any CPU
		{1EE8CAD3-55F9-4D91-96B2-084641DA9A6C}.Release|Any CPU.Build.0 = Release|Any CPU
		{B501A547-C911-4A05-AC6E-274A50DFF30E}.Debug|Any CPU.ActiveCfg = Debug|Any CPU
		{B501A547-C911-4A05-AC6E-274A50DFF30E}.Debug|Any CPU.Build.0 = Debug|Any CPU
		{B501A547-C911-4A05-AC6E-274A50DFF30E}.Release|Any CPU.ActiveCfg = Release|Any CPU
		{B501A547-C911-4A05-AC6E-274A50DFF30E}.Release|Any CPU.Build.0 = Release|Any CPU
		{2523D0E6-DF32-4A3E-8AE0-A19BFFAE2EF6}.Debug|Any CPU.ActiveCfg = Debug|Any CPU
		{2523D0E6-DF32-4A3E-8AE0-A19BFFAE2EF6}.Debug|Any CPU.Build.0 = Debug|Any CPU
		{2523D0E6-DF32-4A3E-8AE0-A19BFFAE2EF6}.Release|Any CPU.ActiveCfg = Release|Any CPU
		{2523D0E6-DF32-4A3E-8AE0-A19BFFAE2EF6}.Release|Any CPU.Build.0 = Release|Any CPU
	EndGlobalSection
	GlobalSection(SolutionProperties) = preSolution
		HideSolutionNode = FALSE
	EndGlobalSection
	GlobalSection(NestedProjects) = preSolution
		{1EE8CAD3-55F9-4D91-96B2-084641DA9A6C} = {A41D1B99-F489-4C43-BBDF-96D61B19A6B9}
		{B501A547-C911-4A05-AC6E-274A50DFF30E} = {32A48625-F0AD-419D-828B-A50BDABA38EA}
		{2523D0E6-DF32-4A3E-8AE0-A19BFFAE2EF6} = {C65C6143-BED3-46E6-869E-9F0BE6E84C37}
	EndGlobalSection
	GlobalSection(ExtensibilityGlobals) = postSolution
		SolutionGuid = {EFC3F9A5-2C8F-4530-AF47-DEF6E38B77F7}
	EndGlobalSection
EndGlobal
